
Microsoft Visual Studio Solution File, Format Version 12.00
# Visual Studio Version 16
VisualStudioVersion = 16.0.30907.101
MinimumVisualStudioVersion = 10.0.40219.1
Project("{F184B08F-C81C-45F6-A57F-5ABD9991F28F}") = "VisualBasicChapter12", "VisualBasicChapter12\VisualBasicChapter12.vbproj", "{C4506878-33CE-490B-A16F-598772EA9541}"
EndProject
Global
	GlobalSection(SolutionConfigurationPlatforms) = preSolution
		Debug|Any CPU = Debug|Any CPU
		Release|Any CPU = Release|Any CPU
	EndGlobalSection
	GlobalSection(ProjectConfigurationPlatforms) = postSolution
		{C4506878-33CE-490B-A16F-598772EA9541}.Debug|Any CPU.ActiveCfg = Debug|Any CPU
		{C4506878-33CE-490B-A16F-598772EA9541}.Debug|Any CPU.Build.0 = Debug|Any CPU
		{C4506878-33CE-490B-A16F-598772EA9541}.Release|Any CPU.ActiveCfg = Release|Any CPU
		{C4506878-33CE-490B-A16F-598772EA9541}.Release|Any CPU.Build.0 = Release|Any CPU
	EndGlobalSection
	GlobalSection(SolutionProperties) = preSolution
		HideSolutionNode = FALSE
	EndGlobalSection
	GlobalSection(ExtensibilityGlobals) = postSolution
		SolutionGuid = {6AB9A25D-05E4-4847-8BF4-F6020D5B3764}
	EndGlobalSection
EndGlobal
